
Microsoft Visual Studio Solution File, Format Version 12.00
# Visual Studio 15
VisualStudioVersion = 15.0.28307.271
MinimumVisualStudioVersion = 10.0.40219.1
Project("{FAE04EC0-301F-11D3-BF4B-00C04F79EFBC}") = "RollTo12", "RollTo12\RollTo12.csproj", "{D586D86B-31AB-4A53-A685-33733D58CC71}"
EndProject
Global
	GlobalSection(SolutionConfigurationPlatforms) = preSolution
		Debug|Any CPU = Debug|Any CPU
		Release|Any CPU = Release|Any CPU
	EndGlobalSection
	GlobalSection(ProjectConfigurationPlatforms) = postSolution
		{D586D86B-31AB-4A53-A685-33733D58CC71}.Debug|Any CPU.ActiveCfg = Debug|Any CPU
		{D586D86B-31AB-4A53-A685-33733D58CC71}.Debug|Any CPU.Build.0 = Debug|Any CPU
		{D586D86B-31AB-4A53-A685-33733D58CC71}.Release|Any CPU.ActiveCfg = Release|Any CPU
		{D586D86B-31AB-4A53-A685-33733D58CC71}.Release|Any CPU.Build.0 = Release|Any CPU
	EndGlobalSection
	GlobalSection(SolutionProperties) = preSolution
		HideSolutionNode = FALSE
	EndGlobalSection
	GlobalSection(ExtensibilityGlobals) = postSolution
		SolutionGuid = {23D18E02-5C95-4752-A154-7BA931EB5DF6}
	EndGlobalSection
EndGlobal
